{
    "_readme": [
        "This file locks the dependencies of your project to a known state",
        "Read more about it at https://getcomposer.org/doc/01-basic-usage.md#composer-lock-the-lock-file",
        "This file is @generated automatically"
    ],
    "hash": "06f2ae8968c9eb5ca785a4ba82cced4d",
    "content-hash": "ee64a0d6a309f58567ecba595a1a2735",
    "packages": [
        {
            "name": "sarav/laravel-multiauth",
            "version": "0.0.7",
            "source": {
                "type": "git",
                "url": "https://github.com/Sarav-S/Laravel-Multiauth.git",
                "reference": "5f6daa76e3faa57c45e50dad3e07d6a216a4793c"
            },
            "dist": {
                "type": "zip",
                "url": "https://api.github.com/repos/Sarav-S/Laravel-Multiauth/zipball/5f6daa76e3faa57c45e50dad3e07d6a216a4793c",
                "reference": "5f6daa76e3faa57c45e50dad3e07d6a216a4793c",
                "shasum": ""
            },
            "require": {
                "php": ">=5.5.9"
            },
            "type": "library",
            "autoload": {
                "psr-4": {
                    "Sarav\\Multiauth\\": "src"
                }
            },
            "notification-url": "https://packagist.org/downloads/",
            "license": [
                "MIT"
            ],
            "authors": [
                {
                    "name": "Sarav",
                    "email": "me@sarav.co"
                }
            ],
            "description": "A Simple Laravel Package for handling multiple authentication",
            "keywords": [
                "Authentication",
                "auth",
                "laravel",
                "laravel 5",
                "login",
                "multi",
                "multiauth",
                "multiple",
                "signin",
                "user"
            ],
            "time": "2015-12-24 09:22:00"
        }
    ],
    "packages-dev": [],
    "aliases": [],
    "minimum-stability": "stable",
    "stability-flags": [],
    "prefer-stable": false,
    "prefer-lowest": false,
    "platform": [],
    "platform-dev": []
}
